
Microsoft Visual Studio Solution File, Format Version 12.00
# Visual Studio Version 16
VisualStudioVersion = 16.0.29411.108
MinimumVisualStudioVersion = 10.0.40219.1
Project("{9A19103F-16F7-4668-BE54-9A1E7A4F7556}") = "Users.API", "Users.API\Users.API.csproj", "{E963FC99-469B-4FDF-BD04-ACD00F064F1F}"
EndProject
Project("{9A19103F-16F7-4668-BE54-9A1E7A4F7556}") = "Orders.API", "Orders.API\Orders.API.csproj", "{13B67D73-6CEA-400D-BA8B-84DDA7AA346E}"
EndProject
Project("{E53339B2-1760-4266-BCC7-CA923CBCF16C}") = "docker-compose", "docker-compose.dcproj", "{AF8978A2-717F-4597-91AA-09DADE7C2CDB}"
EndProject
Global
	GlobalSection(SolutionConfigurationPlatforms) = preSolution
		Debug|Any CPU = Debug|Any CPU
		Release|Any CPU = Release|Any CPU
	EndGlobalSection
	GlobalSection(ProjectConfigurationPlatforms) = postSolution
		{E963FC99-469B-4FDF-BD04-ACD00F064F1F}.Debug|Any CPU.ActiveCfg = Debug|Any CPU
		{E963FC99-469B-4FDF-BD04-ACD00F064F1F}.Debug|Any CPU.Build.0 = Debug|Any CPU
		{E963FC99-469B-4FDF-BD04-ACD00F064F1F}.Release|Any CPU.ActiveCfg = Release|Any CPU
		{E963FC99-469B-4FDF-BD04-ACD00F064F1F}.Release|Any CPU.Build.0 = Release|Any CPU
		{13B67D73-6CEA-400D-BA8B-84DDA7AA346E}.Debug|Any CPU.ActiveCfg = Debug|Any CPU
		{13B67D73-6CEA-400D-BA8B-84DDA7AA346E}.Debug|Any CPU.Build.0 = Debug|Any CPU
		{13B67D73-6CEA-400D-BA8B-84DDA7AA346E}.Release|Any CPU.ActiveCfg = Release|Any CPU
		{13B67D73-6CEA-400D-BA8B-84DDA7AA346E}.Release|Any CPU.Build.0 = Release|Any CPU
		{AF8978A2-717F-4597-91AA-09DADE7C2CDB}.Debug|Any CPU.ActiveCfg = Debug|Any CPU
		{AF8978A2-717F-4597-91AA-09DADE7C2CDB}.Debug|Any CPU.Build.0 = Debug|Any CPU
		{AF8978A2-717F-4597-91AA-09DADE7C2CDB}.Release|Any CPU.ActiveCfg = Release|Any CPU
		{AF8978A2-717F-4597-91AA-09DADE7C2CDB}.Release|Any CPU.Build.0 = Release|Any CPU
	EndGlobalSection
	GlobalSection(SolutionProperties) = preSolution
		HideSolutionNode = FALSE
	EndGlobalSection
	GlobalSection(ExtensibilityGlobals) = postSolution
		SolutionGuid = {53A7FFB0-3383-49A2-BC58-EE9B784DA2A0}
	EndGlobalSection
EndGlobal
